
Microsoft Visual Studio Solution File, Format Version 12.00
# Visual Studio Version 17
VisualStudioVersion = 17.13.35825.156 d17.13
MinimumVisualStudioVersion = 10.0.40219.1
Project("{FAE04EC0-301F-11D3-BF4B-00C04F79EFBC}") = "StringTarget", "StringTarget.csproj", "{4AC5C437-60E8-409B-8FA8-F93A746C0E79}"
EndProject
Global
	GlobalSection(SolutionConfigurationPlatforms) = preSolution
		Debug|Any CPU = Debug|Any CPU
		Release|Any CPU = Release|Any CPU
	EndGlobalSection
	GlobalSection(ProjectConfigurationPlatforms) = postSolution
		{4AC5C437-60E8-409B-8FA8-F93A746C0E79}.Debug|Any CPU.ActiveCfg = Debug|Any CPU
		{4AC5C437-60E8-409B-8FA8-F93A746C0E79}.Debug|Any CPU.Build.0 = Debug|Any CPU
		{4AC5C437-60E8-409B-8FA8-F93A746C0E79}.Release|Any CPU.ActiveCfg = Release|Any CPU
		{4AC5C437-60E8-409B-8FA8-F93A746C0E79}.Release|Any CPU.Build.0 = Release|Any CPU
	EndGlobalSection
	GlobalSection(SolutionProperties) = preSolution
		HideSolutionNode = FALSE
	EndGlobalSection
	GlobalSection(ExtensibilityGlobals) = postSolution
		SolutionGuid = {15630D2D-02C6-4272-B0F7-EA2239927C4D}
	EndGlobalSection
EndGlobal
